// !$*UTF8*$!
{
	archiveVersion = 1;
	classes = {
	};
	objectVersion = 56;
	objects = {

/* Begin PBXBuildFile section */
		BD5E01772B871304008E6EDB /* RickAndMortyAppApp.swift in Sources */ = {isa = PBXBuildFile; fileRef = BD5E01762B871304008E6EDB /* RickAndMortyAppApp.swift */; };
		BD5E017B2B871305008E6EDB /* Assets.xcassets in Resources */ = {isa = PBXBuildFile; fileRef = BD5E017A2B871305008E6EDB /* Assets.xcassets */; };
		BD5E017E2B871305008E6EDB /* Preview Assets.xcassets in Resources */ = {isa = PBXBuildFile; fileRef = BD5E017D2B871305008E6EDB /* Preview Assets.xcassets */; };
		BD5E01882B871305008E6EDB /* RickAndMortyAppTests.swift in Sources */ = {isa = PBXBuildFile; fileRef = BD5E01872B871305008E6EDB /* RickAndMortyAppTests.swift */; };
		BD5E01922B871305008E6EDB /* RickAndMortyAppUITests.swift in Sources */ = {isa = PBXBuildFile; fileRef = BD5E01912B871305008E6EDB /* RickAndMortyAppUITests.swift */; };
		BD5E01942B871305008E6EDB /* RickAndMortyAppUITestsLaunchTests.swift in Sources */ = {isa = PBXBuildFile; fileRef = BD5E01932B871305008E6EDB /* RickAndMortyAppUITestsLaunchTests.swift */; };
		BD5E01A22B871345008E6EDB /* RickMortySwiftApi in Frameworks */ = {isa = PBXBuildFile; productRef = BD5E01A12B871345008E6EDB /* RickMortySwiftApi */; };
		BD5E01A82B8817F3008E6EDB /* Kingfisher in Frameworks */ = {isa = PBXBuildFile; productRef = BD5E01A72B8817F3008E6EDB /* Kingfisher */; };
		BD5E01AB2B88659E008E6EDB /* SwiftUIX in Frameworks */ = {isa = PBXBuildFile; productRef = BD5E01AA2B88659E008E6EDB /* SwiftUIX */; };
		BD5E01AD2B887176008E6EDB /* Launch Screen.storyboard in Resources */ = {isa = PBXBuildFile; fileRef = BD5E01AC2B887176008E6EDB /* Launch Screen.storyboard */; };
		BDAD29B52B8C5F3500D2877D /* CharacterListModel.swift in Sources */ = {isa = PBXBuildFile; fileRef = BDAD29B42B8C5F3500D2877D /* CharacterListModel.swift */; };
		BDAD29B72B8C5F7C00D2877D /* CharacterListPresenter.swift in Sources */ = {isa = PBXBuildFile; fileRef = BDAD29B62B8C5F7C00D2877D /* CharacterListPresenter.swift */; };
		BDAD29B82B8C5F7C00D2877D /* CharacterListPresenter.swift in Sources */ = {isa = PBXBuildFile; fileRef = BDAD29B62B8C5F7C00D2877D /* CharacterListPresenter.swift */; };
		BDAD29B92B8C5F7C00D2877D /* CharacterListPresenter.swift in Sources */ = {isa = PBXBuildFile; fileRef = BDAD29B62B8C5F7C00D2877D /* CharacterListPresenter.swift */; };
		BDAD29BC2B8C608E00D2877D /* CharacterListView.swift in Sources */ = {isa = PBXBuildFile; fileRef = BDAD29BB2B8C608E00D2877D /* CharacterListView.swift */; };
		BDAD29BD2B8C608E00D2877D /* CharacterListView.swift in Sources */ = {isa = PBXBuildFile; fileRef = BDAD29BB2B8C608E00D2877D /* CharacterListView.swift */; };
		BDAD29BE2B8C608E00D2877D /* CharacterListView.swift in Sources */ = {isa = PBXBuildFile; fileRef = BDAD29BB2B8C608E00D2877D /* CharacterListView.swift */; };
		BDAD29C42B8C619400D2877D /* CharacterSearchView.swift in Sources */ = {isa = PBXBuildFile; fileRef = BDAD29C32B8C619400D2877D /* CharacterSearchView.swift */; };
		BDAD29C52B8C619400D2877D /* CharacterSearchView.swift in Sources */ = {isa = PBXBuildFile; fileRef = BDAD29C32B8C619400D2877D /* CharacterSearchView.swift */; };
		BDAD29C62B8C619400D2877D /* CharacterSearchView.swift in Sources */ = {isa = PBXBuildFile; fileRef = BDAD29C32B8C619400D2877D /* CharacterSearchView.swift */; };
		BDAD29C82B8C621400D2877D /* CharacterDetailView.swift in Sources */ = {isa = PBXBuildFile; fileRef = BDAD29C72B8C621400D2877D /* CharacterDetailView.swift */; };
		BDAD29C92B8C621400D2877D /* CharacterDetailView.swift in Sources */ = {isa = PBXBuildFile; fileRef = BDAD29C72B8C621400D2877D /* CharacterDetailView.swift */; };
		BDAD29CA2B8C621400D2877D /* CharacterDetailView.swift in Sources */ = {isa = PBXBuildFile; fileRef = BDAD29C72B8C621400D2877D /* CharacterDetailView.swift */; };
		BDAD29CC2B8C634C00D2877D /* CharacterCellView.swift in Sources */ = {isa = PBXBuildFile; fileRef = BDAD29CB2B8C634C00D2877D /* CharacterCellView.swift */; };
		BDAD29CD2B8C634C00D2877D /* CharacterCellView.swift in Sources */ = {isa = PBXBuildFile; fileRef = BDAD29CB2B8C634C00D2877D /* CharacterCellView.swift */; };
		BDAD29CE2B8C634C00D2877D /* CharacterCellView.swift in Sources */ = {isa = PBXBuildFile; fileRef = BDAD29CB2B8C634C00D2877D /* CharacterCellView.swift */; };
		BDAD29D02B8C63A400D2877D /* CharacterSearchPresenter.swift in Sources */ = {isa = PBXBuildFile; fileRef = BDAD29CF2B8C63A400D2877D /* CharacterSearchPresenter.swift */; };
		BDAD29D42B8C7EC200D2877D /* CharacterListViewModelTests.swift in Sources */ = {isa = PBXBuildFile; fileRef = BDAD29D32B8C7EC200D2877D /* CharacterListViewModelTests.swift */; };
		BDAD29D52B8CE02100D2877D /* RickAndMortyAppApp.swift in Sources */ = {isa = PBXBuildFile; fileRef = BD5E01762B871304008E6EDB /* RickAndMortyAppApp.swift */; };
		BDAD29D62B8CE02100D2877D /* RickAndMortyAppApp.swift in Sources */ = {isa = PBXBuildFile; fileRef = BD5E01762B871304008E6EDB /* RickAndMortyAppApp.swift */; };
		BDAD29D72B8CE02600D2877D /* CharacterSearchPresenter.swift in Sources */ = {isa = PBXBuildFile; fileRef = BDAD29CF2B8C63A400D2877D /* CharacterSearchPresenter.swift */; };
		BDAD29D82B8CE02700D2877D /* CharacterSearchPresenter.swift in Sources */ = {isa = PBXBuildFile; fileRef = BDAD29CF2B8C63A400D2877D /* CharacterSearchPresenter.swift */; };
		BDAD29D92B8CE02900D2877D /* CharacterListModel.swift in Sources */ = {isa = PBXBuildFile; fileRef = BDAD29B42B8C5F3500D2877D /* CharacterListModel.swift */; };
		BDAD29DA2B8CE02A00D2877D /* CharacterListModel.swift in Sources */ = {isa = PBXBuildFile; fileRef = BDAD29B42B8C5F3500D2877D /* CharacterListModel.swift */; };
		BDAD29DC2B8CEC0200D2877D /* CharacterListViewTests.swift in Sources */ = {isa = PBXBuildFile; fileRef = BDAD29DB2B8CEC0200D2877D /* CharacterListViewTests.swift */; };
/* End PBXBuildFile section */

/* Begin PBXContainerItemProxy section */
		BD5E01842B871305008E6EDB /* PBXContainerItemProxy */ = {
			isa = PBXContainerItemProxy;
			containerPortal = BD5E016B2B871304008E6EDB /* Project object */;
			proxyType = 1;
			remoteGlobalIDString = BD5E01722B871304008E6EDB;
			remoteInfo = RickAndMortyApp;
		};
		BD5E018E2B871305008E6EDB /* PBXContainerItemProxy */ = {
			isa = PBXContainerItemProxy;
			containerPortal = BD5E016B2B871304008E6EDB /* Project object */;
			proxyType = 1;
			remoteGlobalIDString = BD5E01722B871304008E6EDB;
			remoteInfo = RickAndMortyApp;
		};
/* End PBXContainerItemProxy section */

/* Begin PBXFileReference section */
		BD5E01732B871304008E6EDB /* RickAndMortyApp.app */ = {isa = PBXFileReference; explicitFileType = wrapper.application; includeInIndex = 0; path = RickAndMortyApp.app; sourceTree = BUILT_PRODUCTS_DIR; };
		BD5E01762B871304008E6EDB /* RickAndMortyAppApp.swift */ = {isa = PBXFileReference; lastKnownFileType = sourcecode.swift; path = RickAndMortyAppApp.swift; sourceTree = "<group>"; };
		BD5E017A2B871305008E6EDB /* Assets.xcassets */ = {isa = PBXFileReference; lastKnownFileType = folder.assetcatalog; path = Assets.xcassets; sourceTree = "<group>"; };
		BD5E017D2B871305008E6EDB /* Preview Assets.xcassets */ = {isa = PBXFileReference; lastKnownFileType = folder.assetcatalog; path = "Preview Assets.xcassets"; sourceTree = "<group>"; };
		BD5E01832B871305008E6EDB /* RickAndMortyAppTests.xctest */ = {isa = PBXFileReference; explicitFileType = wrapper.cfbundle; includeInIndex = 0; path = RickAndMortyAppTests.xctest; sourceTree = BUILT_PRODUCTS_DIR; };
		BD5E01872B871305008E6EDB /* RickAndMortyAppTests.swift */ = {isa = PBXFileReference; lastKnownFileType = sourcecode.swift; path = RickAndMortyAppTests.swift; sourceTree = "<group>"; };
		BD5E018D2B871305008E6EDB /* RickAndMortyAppUITests.xctest */ = {isa = PBXFileReference; explicitFileType = wrapper.cfbundle; includeInIndex = 0; path = RickAndMortyAppUITests.xctest; sourceTree = BUILT_PRODUCTS_DIR; };
		BD5E01912B871305008E6EDB /* RickAndMortyAppUITests.swift */ = {isa = PBXFileReference; lastKnownFileType = sourcecode.swift; path = RickAndMortyAppUITests.swift; sourceTree = "<group>"; };
		BD5E01932B871305008E6EDB /* RickAndMortyAppUITestsLaunchTests.swift */ = {isa = PBXFileReference; lastKnownFileType = sourcecode.swift; path = RickAndMortyAppUITestsLaunchTests.swift; sourceTree = "<group>"; };
		BD5E01AC2B887176008E6EDB /* Launch Screen.storyboard */ = {isa = PBXFileReference; lastKnownFileType = file.storyboard; path = "Launch Screen.storyboard"; sourceTree = "<group>"; };
		BDAD29B42B8C5F3500D2877D /* CharacterListModel.swift */ = {isa = PBXFileReference; lastKnownFileType = sourcecode.swift; path = CharacterListModel.swift; sourceTree = "<group>"; };
		BDAD29B62B8C5F7C00D2877D /* CharacterListPresenter.swift */ = {isa = PBXFileReference; lastKnownFileType = sourcecode.swift; path = CharacterListPresenter.swift; sourceTree = "<group>"; };
		BDAD29BB2B8C608E00D2877D /* CharacterListView.swift */ = {isa = PBXFileReference; lastKnownFileType = sourcecode.swift; path = CharacterListView.swift; sourceTree = "<group>"; };
		BDAD29C32B8C619400D2877D /* CharacterSearchView.swift */ = {isa = PBXFileReference; lastKnownFileType = sourcecode.swift; path = CharacterSearchView.swift; sourceTree = "<group>"; };
		BDAD29C72B8C621400D2877D /* CharacterDetailView.swift */ = {isa = PBXFileReference; lastKnownFileType = sourcecode.swift; path = CharacterDetailView.swift; sourceTree = "<group>"; };
		BDAD29CB2B8C634C00D2877D /* CharacterCellView.swift */ = {isa = PBXFileReference; lastKnownFileType = sourcecode.swift; path = CharacterCellView.swift; sourceTree = "<group>"; };
		BDAD29CF2B8C63A400D2877D /* CharacterSearchPresenter.swift */ = {isa = PBXFileReference; lastKnownFileType = sourcecode.swift; path = CharacterSearchPresenter.swift; sourceTree = "<group>"; };
		BDAD29D32B8C7EC200D2877D /* CharacterListViewModelTests.swift */ = {isa = PBXFileReference; lastKnownFileType = sourcecode.swift; path = CharacterListViewModelTests.swift; sourceTree = "<group>"; };
		BDAD29DB2B8CEC0200D2877D /* CharacterListViewTests.swift */ = {isa = PBXFileReference; lastKnownFileType = sourcecode.swift; path = CharacterListViewTests.swift; sourceTree = "<group>"; };
/* End PBXFileReference section */

/* Begin PBXFrameworksBuildPhase section */
		BD5E01702B871304008E6EDB /* Frameworks */ = {
			isa = PBXFrameworksBuildPhase;
			buildActionMask = 2147483647;
			files = (
				BD5E01AB2B88659E008E6EDB /* SwiftUIX in Frameworks */,
				BD5E01A82B8817F3008E6EDB /* Kingfisher in Frameworks */,
				BD5E01A22B871345008E6EDB /* RickMortySwiftApi in Frameworks */,
			);
			runOnlyForDeploymentPostprocessing = 0;
		};
		BD5E01802B871305008E6EDB /* Frameworks */ = {
			isa = PBXFrameworksBuildPhase;
			buildActionMask = 2147483647;
			files = (
			);
			runOnlyForDeploymentPostprocessing = 0;
		};
		BD5E018A2B871305008E6EDB /* Frameworks */ = {
			isa = PBXFrameworksBuildPhase;
			buildActionMask = 2147483647;
			files = (
			);
			runOnlyForDeploymentPostprocessing = 0;
		};
/* End PBXFrameworksBuildPhase section */

/* Begin PBXGroup section */
		BD5E016A2B871304008E6EDB = {
			isa = PBXGroup;
			children = (
				BD5E01752B871304008E6EDB /* RickAndMortyApp */,
				BD5E01862B871305008E6EDB /* RickAndMortyAppTests */,
				BD5E01902B871305008E6EDB /* RickAndMortyAppUITests */,
				BD5E01742B871304008E6EDB /* Products */,
			);
			sourceTree = "<group>";
		};
		BD5E01742B871304008E6EDB /* Products */ = {
			isa = PBXGroup;
			children = (
				BD5E01732B871304008E6EDB /* RickAndMortyApp.app */,
				BD5E01832B871305008E6EDB /* RickAndMortyAppTests.xctest */,
				BD5E018D2B871305008E6EDB /* RickAndMortyAppUITests.xctest */,
			);
			name = Products;
			sourceTree = "<group>";
		};
		BD5E01752B871304008E6EDB /* RickAndMortyApp */ = {
			isa = PBXGroup;
			children = (
				BD5E01762B871304008E6EDB /* RickAndMortyAppApp.swift */,
				BDAD29BA2B8C604200D2877D /* Views */,
				BDAD29D12B8C63EB00D2877D /* Presenters */,
				BDAD29D22B8C64CA00D2877D /* Model */,
				BD5E017A2B871305008E6EDB /* Assets.xcassets */,
				BD5E017C2B871305008E6EDB /* Preview Content */,
				BD5E01AC2B887176008E6EDB /* Launch Screen.storyboard */,
			);
			path = RickAndMortyApp;
			sourceTree = "<group>";
		};
		BD5E017C2B871305008E6EDB /* Preview Content */ = {
			isa = PBXGroup;
			children = (
				BD5E017D2B871305008E6EDB /* Preview Assets.xcassets */,
			);
			path = "Preview Content";
			sourceTree = "<group>";
		};
		BD5E01862B871305008E6EDB /* RickAndMortyAppTests */ = {
			isa = PBXGroup;
			children = (
				BD5E01872B871305008E6EDB /* RickAndMortyAppTests.swift */,
				BDAD29D32B8C7EC200D2877D /* CharacterListViewModelTests.swift */,
				BDAD29DB2B8CEC0200D2877D /* CharacterListViewTests.swift */,
			);
			path = RickAndMortyAppTests;
			sourceTree = "<group>";
		};
		BD5E01902B871305008E6EDB /* RickAndMortyAppUITests */ = {
			isa = PBXGroup;
			children = (
				BD5E01912B871305008E6EDB /* RickAndMortyAppUITests.swift */,
				BD5E01932B871305008E6EDB /* RickAndMortyAppUITestsLaunchTests.swift */,
			);
			path = RickAndMortyAppUITests;
			sourceTree = "<group>";
		};
		BDAD29BA2B8C604200D2877D /* Views */ = {
			isa = PBXGroup;
			children = (
				BDAD29BB2B8C608E00D2877D /* CharacterListView.swift */,
				BDAD29C72B8C621400D2877D /* CharacterDetailView.swift */,
				BDAD29C32B8C619400D2877D /* CharacterSearchView.swift */,
				BDAD29CB2B8C634C00D2877D /* CharacterCellView.swift */,
			);
			path = Views;
			sourceTree = "<group>";
		};
		BDAD29D12B8C63EB00D2877D /* Presenters */ = {
			isa = PBXGroup;
			children = (
				BDAD29B62B8C5F7C00D2877D /* CharacterListPresenter.swift */,
				BDAD29CF2B8C63A400D2877D /* CharacterSearchPresenter.swift */,
			);
			path = Presenters;
			sourceTree = "<group>";
		};
		BDAD29D22B8C64CA00D2877D /* Model */ = {
			isa = PBXGroup;
			children = (
				BDAD29B42B8C5F3500D2877D /* CharacterListModel.swift */,
			);
			path = Model;
			sourceTree = "<group>";
		};
/* End PBXGroup section */

/* Begin PBXNativeTarget section */
		BD5E01722B871304008E6EDB /* RickAndMortyApp */ = {
			isa = PBXNativeTarget;
			buildConfigurationList = BD5E01972B871305008E6EDB /* Build configuration list for PBXNativeTarget "RickAndMortyApp" */;
			buildPhases = (
				BD5E016F2B871304008E6EDB /* Sources */,
				BD5E01702B871304008E6EDB /* Frameworks */,
				BD5E01712B871304008E6EDB /* Resources */,
			);
			buildRules = (
			);
			dependencies = (
			);
			name = RickAndMortyApp;
			packageProductDependencies = (
				BD5E01A12B871345008E6EDB /* RickMortySwiftApi */,
				BD5E01A72B8817F3008E6EDB /* Kingfisher */,
				BD5E01AA2B88659E008E6EDB /* SwiftUIX */,
			);
			productName = RickAndMortyApp;
			productReference = BD5E01732B871304008E6EDB /* RickAndMortyApp.app */;
			productType = "com.apple.product-type.application";
		};
		BD5E01822B871305008E6EDB /* RickAndMortyAppTests */ = {
			isa = PBXNativeTarget;
			buildConfigurationList = BD5E019A2B871305008E6EDB /* Build configuration list for PBXNativeTarget "RickAndMortyAppTests" */;
			buildPhases = (
				BD5E017F2B871305008E6EDB /* Sources */,
				BD5E01802B871305008E6EDB /* Frameworks */,
				BD5E01812B871305008E6EDB /* Resources */,
			);
			buildRules = (
			);
			dependencies = (
				BD5E01852B871305008E6EDB /* PBXTargetDependency */,
			);
			name = RickAndMortyAppTests;
			productName = RickAndMortyAppTests;
			productReference = BD5E01832B871305008E6EDB /* RickAndMortyAppTests.xctest */;
			productType = "com.apple.product-type.bundle.unit-test";
		};
		BD5E018C2B871305008E6EDB /* RickAndMortyAppUITests */ = {
			isa = PBXNativeTarget;
			buildConfigurationList = BD5E019D2B871305008E6EDB /* Build configuration list for PBXNativeTarget "RickAndMortyAppUITests" */;
			buildPhases = (
				BD5E01892B871305008E6EDB /* Sources */,
				BD5E018A2B871305008E6EDB /* Frameworks */,
				BD5E018B2B871305008E6EDB /* Resources */,
			);
			buildRules = (
			);
			dependencies = (
				BD5E018F2B871305008E6EDB /* PBXTargetDependency */,
			);
			name = RickAndMortyAppUITests;
			productName = RickAndMortyAppUITests;
			productReference = BD5E018D2B871305008E6EDB /* RickAndMortyAppUITests.xctest */;
			productType = "com.apple.product-type.bundle.ui-testing";
		};
/* End PBXNativeTarget section */

/* Begin PBXProject section */
		BD5E016B2B871304008E6EDB /* Project object */ = {
			isa = PBXProject;
			attributes = {
				BuildIndependentTargetsInParallel = 1;
				LastSwiftUpdateCheck = 1430;
				LastUpgradeCheck = 1430;
				TargetAttributes = {
					BD5E01722B871304008E6EDB = {
						CreatedOnToolsVersion = 14.3.1;
					};
					BD5E01822B871305008E6EDB = {
						CreatedOnToolsVersion = 14.3.1;
						TestTargetID = BD5E01722B871304008E6EDB;
					};
					BD5E018C2B871305008E6EDB = {
						CreatedOnToolsVersion = 14.3.1;
						TestTargetID = BD5E01722B871304008E6EDB;
					};
				};
			};
			buildConfigurationList = BD5E016E2B871304008E6EDB /* Build configuration list for PBXProject "RickAndMortyApp" */;
			compatibilityVersion = "Xcode 14.0";
			developmentRegion = en;
			hasScannedForEncodings = 0;
			knownRegions = (
				en,
				Base,
			);
			mainGroup = BD5E016A2B871304008E6EDB;
			packageReferences = (
				BD5E01A02B871345008E6EDB /* XCRemoteSwiftPackageReference "Rick-and-Morty-Swift-API" */,
				BD5E01A62B8817F3008E6EDB /* XCRemoteSwiftPackageReference "Kingfisher" */,
				BD5E01A92B88659E008E6EDB /* XCRemoteSwiftPackageReference "SwiftUIX" */,
			);
			productRefGroup = BD5E01742B871304008E6EDB /* Products */;
			projectDirPath = "";
			projectRoot = "";
			targets = (
				BD5E01722B871304008E6EDB /* RickAndMortyApp */,
				BD5E01822B871305008E6EDB /* RickAndMortyAppTests */,
				BD5E018C2B871305008E6EDB /* RickAndMortyAppUITests */,
			);
		};
/* End PBXProject section */

/* Begin PBXResourcesBuildPhase section */
		BD5E01712B871304008E6EDB /* Resources */ = {
			isa = PBXResourcesBuildPhase;
			buildActionMask = 2147483647;
			files = (
				BD5E01AD2B887176008E6EDB /* Launch Screen.storyboard in Resources */,
				BD5E017E2B871305008E6EDB /* Preview Assets.xcassets in Resources */,
				BD5E017B2B871305008E6EDB /* Assets.xcassets in Resources */,
			);
			runOnlyForDeploymentPostprocessing = 0;
		};
		BD5E01812B871305008E6EDB /* Resources */ = {
			isa = PBXResourcesBuildPhase;
			buildActionMask = 2147483647;
			files = (
			);
			runOnlyForDeploymentPostprocessing = 0;
		};
		BD5E018B2B871305008E6EDB /* Resources */ = {
			isa = PBXResourcesBuildPhase;
			buildActionMask = 2147483647;
			files = (
			);
			runOnlyForDeploymentPostprocessing = 0;
		};
/* End PBXResourcesBuildPhase section */

/* Begin PBXSourcesBuildPhase section */
		BD5E016F2B871304008E6EDB /* Sources */ = {
			isa = PBXSourcesBuildPhase;
			buildActionMask = 2147483647;
			files = (
				BDAD29B72B8C5F7C00D2877D /* CharacterListPresenter.swift in Sources */,
				BDAD29B52B8C5F3500D2877D /* CharacterListModel.swift in Sources */,
				BDAD29CC2B8C634C00D2877D /* CharacterCellView.swift in Sources */,
				BDAD29D02B8C63A400D2877D /* CharacterSearchPresenter.swift in Sources */,
				BDAD29C42B8C619400D2877D /* CharacterSearchView.swift in Sources */,
				BDAD29C82B8C621400D2877D /* CharacterDetailView.swift in Sources */,
				BDAD29BC2B8C608E00D2877D /* CharacterListView.swift in Sources */,
				BD5E01772B871304008E6EDB /* RickAndMortyAppApp.swift in Sources */,
			);
			runOnlyForDeploymentPostprocessing = 0;
		};
		BD5E017F2B871305008E6EDB /* Sources */ = {
			isa = PBXSourcesBuildPhase;
			buildActionMask = 2147483647;
			files = (
				BDAD29C52B8C619400D2877D /* CharacterSearchView.swift in Sources */,
				BDAD29DC2B8CEC0200D2877D /* CharacterListViewTests.swift in Sources */,
				BDAD29BD2B8C608E00D2877D /* CharacterListView.swift in Sources */,
				BDAD29C92B8C621400D2877D /* CharacterDetailView.swift in Sources */,
				BDAD29D92B8CE02900D2877D /* CharacterListModel.swift in Sources */,
				BDAD29D72B8CE02600D2877D /* CharacterSearchPresenter.swift in Sources */,
				BDAD29D42B8C7EC200D2877D /* CharacterListViewModelTests.swift in Sources */,
				BDAD29D52B8CE02100D2877D /* RickAndMortyAppApp.swift in Sources */,
				BDAD29B82B8C5F7C00D2877D /* CharacterListPresenter.swift in Sources */,
				BDAD29CD2B8C634C00D2877D /* CharacterCellView.swift in Sources */,
				BD5E01882B871305008E6EDB /* RickAndMortyAppTests.swift in Sources */,
			);
			runOnlyForDeploymentPostprocessing = 0;
		};
		BD5E01892B871305008E6EDB /* Sources */ = {
			isa = PBXSourcesBuildPhase;
			buildActionMask = 2147483647;
			files = (
				BD5E01922B871305008E6EDB /* RickAndMortyAppUITests.swift in Sources */,
				BDAD29B92B8C5F7C00D2877D /* CharacterListPresenter.swift in Sources */,
				BDAD29CE2B8C634C00D2877D /* CharacterCellView.swift in Sources */,
				BDAD29DA2B8CE02A00D2877D /* CharacterListModel.swift in Sources */,
				BDAD29D82B8CE02700D2877D /* CharacterSearchPresenter.swift in Sources */,
				BDAD29C62B8C619400D2877D /* CharacterSearchView.swift in Sources */,
				BDAD29D62B8CE02100D2877D /* RickAndMortyAppApp.swift in Sources */,
				BDAD29CA2B8C621400D2877D /* CharacterDetailView.swift in Sources */,
				BDAD29BE2B8C608E00D2877D /* CharacterListView.swift in Sources */,
				BD5E01942B871305008E6EDB /* RickAndMortyAppUITestsLaunchTests.swift in Sources */,
			);
			runOnlyForDeploymentPostprocessing = 0;
		};
/* End PBXSourcesBuildPhase section */

/* Begin PBXTargetDependency section */
		BD5E01852B871305008E6EDB /* PBXTargetDependency */ = {
			isa = PBXTargetDependency;
			target = BD5E01722B871304008E6EDB /* RickAndMortyApp */;
			targetProxy = BD5E01842B871305008E6EDB /* PBXContainerItemProxy */;
		};
		BD5E018F2B871305008E6EDB /* PBXTargetDependency */ = {
			isa = PBXTargetDependency;
			target = BD5E01722B871304008E6EDB /* RickAndMortyApp */;
			targetProxy = BD5E018E2B871305008E6EDB /* PBXContainerItemProxy */;
		};
/* End PBXTargetDependency section */

/* Begin XCBuildConfiguration section */
		BD5E01952B871305008E6EDB /* Debug */ = {
			isa = XCBuildConfiguration;
			buildSettings = {
				ALWAYS_SEARCH_USER_PATHS = NO;
				CLANG_ANALYZER_NONNULL = YES;
				CLANG_ANALYZER_NUMBER_OBJECT_CONVERSION = YES_AGGRESSIVE;
				CLANG_CXX_LANGUAGE_STANDARD = "gnu++20";
				CLANG_ENABLE_MODULES = YES;
				CLANG_ENABLE_OBJC_ARC = YES;
				CLANG_ENABLE_OBJC_WEAK = YES;
				CLANG_WARN_BLOCK_CAPTURE_AUTORELEASING = YES;
				CLANG_WARN_BOOL_CONVERSION = YES;
				CLANG_WARN_COMMA = YES;
				CLANG_WARN_CONSTANT_CONVERSION = YES;
				CLANG_WARN_DEPRECATED_OBJC_IMPLEMENTATIONS = YES;
				CLANG_WARN_DIRECT_OBJC_ISA_USAGE = YES_ERROR;
				CLANG_WARN_DOCUMENTATION_COMMENTS = YES;
				CLANG_WARN_EMPTY_BODY = YES;
				CLANG_WARN_ENUM_CONVERSION = YES;
				CLANG_WARN_INFINITE_RECURSION = YES;
				CLANG_WARN_INT_CONVERSION = YES;
				CLANG_WARN_NON_LITERAL_NULL_CONVERSION = YES;
				CLANG_WARN_OBJC_IMPLICIT_RETAIN_SELF = YES;
				CLANG_WARN_OBJC_LITERAL_CONVERSION = YES;
				CLANG_WARN_OBJC_ROOT_CLASS = YES_ERROR;
				CLANG_WARN_QUOTED_INCLUDE_IN_FRAMEWORK_HEADER = YES;
				CLANG_WARN_RANGE_LOOP_ANALYSIS = YES;
				CLANG_WARN_STRICT_PROTOTYPES = YES;
				CLANG_WARN_SUSPICIOUS_MOVE = YES;
				CLANG_WARN_UNGUARDED_AVAILABILITY = YES_AGGRESSIVE;
				CLANG_WARN_UNREACHABLE_CODE = YES;
				CLANG_WARN__DUPLICATE_METHOD_MATCH = YES;
				COPY_PHASE_STRIP = NO;
				DEBUG_INFORMATION_FORMAT = dwarf;
				ENABLE_STRICT_OBJC_MSGSEND = YES;
				ENABLE_TESTABILITY = YES;
				GCC_C_LANGUAGE_STANDARD = gnu11;
				GCC_DYNAMIC_NO_PIC = NO;
				GCC_NO_COMMON_BLOCKS = YES;
				GCC_OPTIMIZATION_LEVEL = 0;
				GCC_PREPROCESSOR_DEFINITIONS = (
					"DEBUG=1",
					"$(inherited)",
				);
				GCC_WARN_64_TO_32_BIT_CONVERSION = YES;
				GCC_WARN_ABOUT_RETURN_TYPE = YES_ERROR;
				GCC_WARN_UNDECLARED_SELECTOR = YES;
				GCC_WARN_UNINITIALIZED_AUTOS = YES_AGGRESSIVE;
				GCC_WARN_UNUSED_FUNCTION = YES;
				GCC_WARN_UNUSED_VARIABLE = YES;
				IPHONEOS_DEPLOYMENT_TARGET = 16.4;
				MTL_ENABLE_DEBUG_INFO = INCLUDE_SOURCE;
				MTL_FAST_MATH = YES;
				ONLY_ACTIVE_ARCH = YES;
				SDKROOT = iphoneos;
				SWIFT_ACTIVE_COMPILATION_CONDITIONS = DEBUG;
				SWIFT_OPTIMIZATION_LEVEL = "-Onone";
			};
			name = Debug;
		};
		BD5E01962B871305008E6EDB /* Release */ = {
			isa = XCBuildConfiguration;
			buildSettings = {
				ALWAYS_SEARCH_USER_PATHS = NO;
				CLANG_ANALYZER_NONNULL = YES;
				CLANG_ANALYZER_NUMBER_OBJECT_CONVERSION = YES_AGGRESSIVE;
				CLANG_CXX_LANGUAGE_STANDARD = "gnu++20";
				CLANG_ENABLE_MODULES = YES;
				CLANG_ENABLE_OBJC_ARC = YES;
				CLANG_ENABLE_OBJC_WEAK = YES;
				CLANG_WARN_BLOCK_CAPTURE_AUTORELEASING = YES;
				CLANG_WARN_BOOL_CONVERSION = YES;
				CLANG_WARN_COMMA = YES;
				CLANG_WARN_CONSTANT_CONVERSION = YES;
				CLANG_WARN_DEPRECATED_OBJC_IMPLEMENTATIONS = YES;
				CLANG_WARN_DIRECT_OBJC_ISA_USAGE = YES_ERROR;
				CLANG_WARN_DOCUMENTATION_COMMENTS = YES;
				CLANG_WARN_EMPTY_BODY = YES;
				CLANG_WARN_ENUM_CONVERSION = YES;
				CLANG_WARN_INFINITE_RECURSION = YES;
				CLANG_WARN_INT_CONVERSION = YES;
				CLANG_WARN_NON_LITERAL_NULL_CONVERSION = YES;
				CLANG_WARN_OBJC_IMPLICIT_RETAIN_SELF = YES;
				CLANG_WARN_OBJC_LITERAL_CONVERSION = YES;
				CLANG_WARN_OBJC_ROOT_CLASS = YES_ERROR;
				CLANG_WARN_QUOTED_INCLUDE_IN_FRAMEWORK_HEADER = YES;
				CLANG_WARN_RANGE_LOOP_ANALYSIS = YES;
				CLANG_WARN_STRICT_PROTOTYPES = YES;
				CLANG_WARN_SUSPICIOUS_MOVE = YES;
				CLANG_WARN_UNGUARDED_AVAILABILITY = YES_AGGRESSIVE;
				CLANG_WARN_UNREACHABLE_CODE = YES;
				CLANG_WARN__DUPLICATE_METHOD_MATCH = YES;
				COPY_PHASE_STRIP = NO;
				DEBUG_INFORMATION_FORMAT = "dwarf-with-dsym";
				ENABLE_NS_ASSERTIONS = NO;
				ENABLE_STRICT_OBJC_MSGSEND = YES;
				GCC_C_LANGUAGE_STANDARD = gnu11;
				GCC_NO_COMMON_BLOCKS = YES;
				GCC_WARN_64_TO_32_BIT_CONVERSION = YES;
				GCC_WARN_ABOUT_RETURN_TYPE = YES_ERROR;
				GCC_WARN_UNDECLARED_SELECTOR = YES;
				GCC_WARN_UNINITIALIZED_AUTOS = YES_AGGRESSIVE;
				GCC_WARN_UNUSED_FUNCTION = YES;
				GCC_WARN_UNUSED_VARIABLE = YES;
				IPHONEOS_DEPLOYMENT_TARGET = 16.4;
				MTL_ENABLE_DEBUG_INFO = NO;
				MTL_FAST_MATH = YES;
				SDKROOT = iphoneos;
				SWIFT_COMPILATION_MODE = wholemodule;
				SWIFT_OPTIMIZATION_LEVEL = "-O";
				VALIDATE_PRODUCT = YES;
			};
			name = Release;
		};
		BD5E01982B871305008E6EDB /* Debug */ = {
			isa = XCBuildConfiguration;
			buildSettings = {
				ASSETCATALOG_COMPILER_APPICON_NAME = AppIcon;
				ASSETCATALOG_COMPILER_GLOBAL_ACCENT_COLOR_NAME = AccentColor;
				ASSETCATALOG_COMPILER_INCLUDE_ALL_APPICON_ASSETS = NO;
				CODE_SIGN_STYLE = Automatic;
				CURRENT_PROJECT_VERSION = 1;
				DEVELOPMENT_ASSET_PATHS = "\"RickAndMortyApp/Preview Content\"";
				DEVELOPMENT_TEAM = A28JW3BHL9;
				ENABLE_PREVIEWS = YES;
				GENERATE_INFOPLIST_FILE = YES;
				INFOPLIST_KEY_CFBundleDisplayName = RickAndMorty;
				INFOPLIST_KEY_UIApplicationSceneManifest_Generation = YES;
				INFOPLIST_KEY_UIApplicationSupportsIndirectInputEvents = YES;
				INFOPLIST_KEY_UILaunchScreen_Generation = YES;
				INFOPLIST_KEY_UILaunchStoryboardName = "Launch Screen.storyboard";
				INFOPLIST_KEY_UISupportedInterfaceOrientations_iPad = "UIInterfaceOrientationPortrait UIInterfaceOrientationPortraitUpsideDown UIInterfaceOrientationLandscapeLeft UIInterfaceOrientationLandscapeRight";
				INFOPLIST_KEY_UISupportedInterfaceOrientations_iPhone = "UIInterfaceOrientationPortrait UIInterfaceOrientationLandscapeLeft UIInterfaceOrientationLandscapeRight";
				LD_RUNPATH_SEARCH_PATHS = (
					"$(inherited)",
					"@executable_path/Frameworks",
				);
				MARKETING_VERSION = 1.0;
				PRODUCT_BUNDLE_IDENTIFIER = JIGR.RickAndMortyApp;
				PRODUCT_NAME = "$(TARGET_NAME)";
				SWIFT_EMIT_LOC_STRINGS = YES;
				SWIFT_VERSION = 5.0;
				TARGETED_DEVICE_FAMILY = "1,2";
			};
			name = Debug;
		};
		BD5E01992B871305008E6EDB /* Release */ = {
			isa = XCBuildConfiguration;
			buildSettings = {
				ASSETCATALOG_COMPILER_APPICON_NAME = AppIcon;
				ASSETCATALOG_COMPILER_GLOBAL_ACCENT_COLOR_NAME = AccentColor;
				ASSETCATALOG_COMPILER_INCLUDE_ALL_APPICON_ASSETS = NO;
				CODE_SIGN_STYLE = Automatic;
				CURRENT_PROJECT_VERSION = 1;
				DEVELOPMENT_ASSET_PATHS = "\"RickAndMortyApp/Preview Content\"";
				DEVELOPMENT_TEAM = A28JW3BHL9;
				ENABLE_PREVIEWS = YES;
				GENERATE_INFOPLIST_FILE = YES;
				INFOPLIST_KEY_CFBundleDisplayName = RickAndMorty;
				INFOPLIST_KEY_UIApplicationSceneManifest_Generation = YES;
				INFOPLIST_KEY_UIApplicationSupportsIndirectInputEvents = YES;
				INFOPLIST_KEY_UILaunchScreen_Generation = YES;
				INFOPLIST_KEY_UILaunchStoryboardName = "Launch Screen.storyboard";
				INFOPLIST_KEY_UISupportedInterfaceOrientations_iPad = "UIInterfaceOrientationPortrait UIInterfaceOrientationPortraitUpsideDown UIInterfaceOrientationLandscapeLeft UIInterfaceOrientationLandscapeRight";
				INFOPLIST_KEY_UISupportedInterfaceOrientations_iPhone = "UIInterfaceOrientationPortrait UIInterfaceOrientationLandscapeLeft UIInterfaceOrientationLandscapeRight";
				LD_RUNPATH_SEARCH_PATHS = (
					"$(inherited)",
					"@executable_path/Frameworks",
				);
				MARKETING_VERSION = 1.0;
				PRODUCT_BUNDLE_IDENTIFIER = JIGR.RickAndMortyApp;
				PRODUCT_NAME = "$(TARGET_NAME)";
				SWIFT_EMIT_LOC_STRINGS = YES;
				SWIFT_VERSION = 5.0;
				TARGETED_DEVICE_FAMILY = "1,2";
			};
			name = Release;
		};
		BD5E019B2B871305008E6EDB /* Debug */ = {
			isa = XCBuildConfiguration;
			buildSettings = {
				ALWAYS_EMBED_SWIFT_STANDARD_LIBRARIES = YES;
				BUNDLE_LOADER = "$(TEST_HOST)";
				CODE_SIGN_STYLE = Automatic;
				CURRENT_PROJECT_VERSION = 1;
				DEVELOPMENT_TEAM = A28JW3BHL9;
				GENERATE_INFOPLIST_FILE = YES;
				IPHONEOS_DEPLOYMENT_TARGET = 16.4;
				MARKETING_VERSION = 1.0;
				PRODUCT_BUNDLE_IDENTIFIER = JIGR.RickAndMortyAppTests;
				PRODUCT_NAME = "$(TARGET_NAME)";
				SWIFT_EMIT_LOC_STRINGS = NO;
				SWIFT_VERSION = 5.0;
				TARGETED_DEVICE_FAMILY = "1,2";
				TEST_HOST = "$(BUILT_PRODUCTS_DIR)/RickAndMortyApp.app/$(BUNDLE_EXECUTABLE_FOLDER_PATH)/RickAndMortyApp";
			};
			name = Debug;
		};
		BD5E019C2B871305008E6EDB /* Release */ = {
			isa = XCBuildConfiguration;
			buildSettings = {
				ALWAYS_EMBED_SWIFT_STANDARD_LIBRARIES = YES;
				BUNDLE_LOADER = "$(TEST_HOST)";
				CODE_SIGN_STYLE = Automatic;
				CURRENT_PROJECT_VERSION = 1;
				DEVELOPMENT_TEAM = A28JW3BHL9;
				GENERATE_INFOPLIST_FILE = YES;
				IPHONEOS_DEPLOYMENT_TARGET = 16.4;
				MARKETING_VERSION = 1.0;
				PRODUCT_BUNDLE_IDENTIFIER = JIGR.RickAndMortyAppTests;
				PRODUCT_NAME = "$(TARGET_NAME)";
				SWIFT_EMIT_LOC_STRINGS = NO;
				SWIFT_VERSION = 5.0;
				TARGETED_DEVICE_FAMILY = "1,2";
				TEST_HOST = "$(BUILT_PRODUCTS_DIR)/RickAndMortyApp.app/$(BUNDLE_EXECUTABLE_FOLDER_PATH)/RickAndMortyApp";
			};
			name = Release;
		};
		BD5E019E2B871305008E6EDB /* Debug */ = {
			isa = XCBuildConfiguration;
			buildSettings = {
				ALWAYS_EMBED_SWIFT_STANDARD_LIBRARIES = YES;
				CODE_SIGN_STYLE = Automatic;
				CURRENT_PROJECT_VERSION = 1;
				DEVELOPMENT_TEAM = A28JW3BHL9;
				GENERATE_INFOPLIST_FILE = YES;
				MARKETING_VERSION = 1.0;
				PRODUCT_BUNDLE_IDENTIFIER = JIGR.RickAndMortyAppUITests;
				PRODUCT_NAME = "$(TARGET_NAME)";
				SWIFT_EMIT_LOC_STRINGS = NO;
				SWIFT_VERSION = 5.0;
				TARGETED_DEVICE_FAMILY = "1,2";
				TEST_TARGET_NAME = RickAndMortyApp;
			};
			name = Debug;
		};
		BD5E019F2B871305008E6EDB /* Release */ = {
			isa = XCBuildConfiguration;
			buildSettings = {
				ALWAYS_EMBED_SWIFT_STANDARD_LIBRARIES = YES;
				CODE_SIGN_STYLE = Automatic;
				CURRENT_PROJECT_VERSION = 1;
				DEVELOPMENT_TEAM = A28JW3BHL9;
				GENERATE_INFOPLIST_FILE = YES;
				MARKETING_VERSION = 1.0;
				PRODUCT_BUNDLE_IDENTIFIER = JIGR.RickAndMortyAppUITests;
				PRODUCT_NAME = "$(TARGET_NAME)";
				SWIFT_EMIT_LOC_STRINGS = NO;
				SWIFT_VERSION = 5.0;
				TARGETED_DEVICE_FAMILY = "1,2";
				TEST_TARGET_NAME = RickAndMortyApp;
			};
			name = Release;
		};
/* End XCBuildConfiguration section */

/* Begin XCConfigurationList section */
		BD5E016E2B871304008E6EDB /* Build configuration list for PBXProject "RickAndMortyApp" */ = {
			isa = XCConfigurationList;
			buildConfigurations = (
				BD5E01952B871305008E6EDB /* Debug */,
				BD5E01962B871305008E6EDB /* Release */,
			);
			defaultConfigurationIsVisible = 0;
			defaultConfigurationName = Release;
		};
		BD5E01972B871305008E6EDB /* Build configuration list for PBXNativeTarget "RickAndMortyApp" */ = {
			isa = XCConfigurationList;
			buildConfigurations = (
				BD5E01982B871305008E6EDB /* Debug */,
				BD5E01992B871305008E6EDB /* Release */,
			);
			defaultConfigurationIsVisible = 0;
			defaultConfigurationName = Release;
		};
		BD5E019A2B871305008E6EDB /* Build configuration list for PBXNativeTarget "RickAndMortyAppTests" */ = {
			isa = XCConfigurationList;
			buildConfigurations = (
				BD5E019B2B871305008E6EDB /* Debug */,
				BD5E019C2B871305008E6EDB /* Release */,
			);
			defaultConfigurationIsVisible = 0;
			defaultConfigurationName = Release;
		};
		BD5E019D2B871305008E6EDB /* Build configuration list for PBXNativeTarget "RickAndMortyAppUITests" */ = {
			isa = XCConfigurationList;
			buildConfigurations = (
				BD5E019E2B871305008E6EDB /* Debug */,
				BD5E019F2B871305008E6EDB /* Release */,
			);
			defaultConfigurationIsVisible = 0;
			defaultConfigurationName = Release;
		};
/* End XCConfigurationList section */

/* Begin XCRemoteSwiftPackageReference section */
		BD5E01A02B871345008E6EDB /* XCRemoteSwiftPackageReference "Rick-and-Morty-Swift-API" */ = {
			isa = XCRemoteSwiftPackageReference;
			repositoryURL = "https://github.com/benjaminbruch/Rick-and-Morty-Swift-API.git";
			requirement = {
				branch = main;
				kind = branch;
			};
		};
		BD5E01A62B8817F3008E6EDB /* XCRemoteSwiftPackageReference "Kingfisher" */ = {
			isa = XCRemoteSwiftPackageReference;
			repositoryURL = "https://github.com/onevcat/Kingfisher.git";
			requirement = {
				kind = upToNextMajorVersion;
				minimumVersion = 7.0.0;
			};
		};
		BD5E01A92B88659E008E6EDB /* XCRemoteSwiftPackageReference "SwiftUIX" */ = {
			isa = XCRemoteSwiftPackageReference;
			repositoryURL = "https://github.com/SwiftUIX/SwiftUIX.git";
			requirement = {
				kind = upToNextMajorVersion;
				minimumVersion = 0.1.9;
			};
		};
/* End XCRemoteSwiftPackageReference section */

/* Begin XCSwiftPackageProductDependency section */
		BD5E01A12B871345008E6EDB /* RickMortySwiftApi */ = {
			isa = XCSwiftPackageProductDependency;
			package = BD5E01A02B871345008E6EDB /* XCRemoteSwiftPackageReference "Rick-and-Morty-Swift-API" */;
			productName = RickMortySwiftApi;
		};
		BD5E01A72B8817F3008E6EDB /* Kingfisher */ = {
			isa = XCSwiftPackageProductDependency;
			package = BD5E01A62B8817F3008E6EDB /* XCRemoteSwiftPackageReference "Kingfisher" */;
			productName = Kingfisher;
		};
		BD5E01AA2B88659E008E6EDB /* SwiftUIX */ = {
			isa = XCSwiftPackageProductDependency;
			package = BD5E01A92B88659E008E6EDB /* XCRemoteSwiftPackageReference "SwiftUIX" */;
			productName = SwiftUIX;
		};
/* End XCSwiftPackageProductDependency section */
	};
	rootObject = BD5E016B2B871304008E6EDB /* Project object */;
}
